// !$*UTF8*$!
{
	archiveVersion = 1;
	classes = {
	};
	objectVersion = 55;
	objects = {

/* Begin PBXBuildFile section */
		D614E7E71EE74C050054B9EA /* TranslationTableViewController.swift in Sources */ = {isa = PBXBuildFile; fileRef = D614E7E61EE74C050054B9EA /* TranslationTableViewController.swift */; };
		D614E7E91EE788CA0054B9EA /* TravelSelectedViewController.swift in Sources */ = {isa = PBXBuildFile; fileRef = D614E7E81EE788CA0054B9EA /* TravelSelectedViewController.swift */; };
		D644EDC21EE69F9100705013 /* AppDelegate.swift in Sources */ = {isa = PBXBuildFile; fileRef = D644EDC11EE69F9100705013 /* AppDelegate.swift */; };
		D644EDC41EE69F9100705013 /* ViewController.swift in Sources */ = {isa = PBXBuildFile; fileRef = D644EDC31EE69F9100705013 /* ViewController.swift */; };
		D644EDC71EE69F9100705013 /* Main.storyboard in Resources */ = {isa = PBXBuildFile; fileRef = D644EDC51EE69F9100705013 /* Main.storyboard */; };
		D644EDC91EE69F9100705013 /* Assets.xcassets in Resources */ = {isa = PBXBuildFile; fileRef = D644EDC81EE69F9100705013 /* Assets.xcassets */; };
		D644EDCC1EE69F9100705013 /* LaunchScreen.storyboard in Resources */ = {isa = PBXBuildFile; fileRef = D644EDCA1EE69F9100705013 /* LaunchScreen.storyboard */; };
		D644EDD81EE6A23D00705013 /* MapSelectViewController.swift in Sources */ = {isa = PBXBuildFile; fileRef = D644EDD71EE6A23D00705013 /* MapSelectViewController.swift */; };
		D644EDDE1EE6F22500705013 /* TravelTableViewController.swift in Sources */ = {isa = PBXBuildFile; fileRef = D644EDDD1EE6F22500705013 /* TravelTableViewController.swift */; };
		D644EDE01EE6F4F900705013 /* Place.swift in Sources */ = {isa = PBXBuildFile; fileRef = D644EDDF1EE6F4F800705013 /* Place.swift */; };
		D644EDE21EE71F7D00705013 /* SubwaySelectedViewController.swift in Sources */ = {isa = PBXBuildFile; fileRef = D644EDE11EE71F7D00705013 /* SubwaySelectedViewController.swift */; };
/* End PBXBuildFile section */

/* Begin PBXFileReference section */
		D614E7E61EE74C050054B9EA /* TranslationTableViewController.swift */ = {isa = PBXFileReference; fileEncoding = 4; lastKnownFileType = sourcecode.swift; path = TranslationTableViewController.swift; sourceTree = "<group>"; };
		D614E7E81EE788CA0054B9EA /* TravelSelectedViewController.swift */ = {isa = PBXFileReference; fileEncoding = 4; lastKnownFileType = sourcecode.swift; path = TravelSelectedViewController.swift; sourceTree = "<group>"; };
		D644EDBE1EE69F9100705013 /* FinalProject.app */ = {isa = PBXFileReference; explicitFileType = wrapper.application; includeInIndex = 0; path = FinalProject.app; sourceTree = BUILT_PRODUCTS_DIR; };
		D644EDC11EE69F9100705013 /* AppDelegate.swift */ = {isa = PBXFileReference; lastKnownFileType = sourcecode.swift; path = AppDelegate.swift; sourceTree = "<group>"; };
		D644EDC31EE69F9100705013 /* ViewController.swift */ = {isa = PBXFileReference; lastKnownFileType = sourcecode.swift; path = ViewController.swift; sourceTree = "<group>"; };
		D644EDC61EE69F9100705013 /* Base */ = {isa = PBXFileReference; lastKnownFileType = file.storyboard; name = Base; path = Base.lproj/Main.storyboard; sourceTree = "<group>"; };
		D644EDC81EE69F9100705013 /* Assets.xcassets */ = {isa = PBXFileReference; lastKnownFileType = folder.assetcatalog; path = Assets.xcassets; sourceTree = "<group>"; };
		D644EDCB1EE69F9100705013 /* Base */ = {isa = PBXFileReference; lastKnownFileType = file.storyboard; name = Base; path = Base.lproj/LaunchScreen.storyboard; sourceTree = "<group>"; };
		D644EDCD1EE69F9100705013 /* Info.plist */ = {isa = PBXFileReference; lastKnownFileType = text.plist.xml; path = Info.plist; sourceTree = "<group>"; };
		D644EDD71EE6A23D00705013 /* MapSelectViewController.swift */ = {isa = PBXFileReference; fileEncoding = 4; lastKnownFileType = sourcecode.swift; path = MapSelectViewController.swift; sourceTree = "<group>"; };
		D644EDDD1EE6F22500705013 /* TravelTableViewController.swift */ = {isa = PBXFileReference; fileEncoding = 4; lastKnownFileType = sourcecode.swift; path = TravelTableViewController.swift; sourceTree = "<group>"; };
		D644EDDF1EE6F4F800705013 /* Place.swift */ = {isa = PBXFileReference; fileEncoding = 4; lastKnownFileType = sourcecode.swift; path = Place.swift; sourceTree = "<group>"; };
		D644EDE11EE71F7D00705013 /* SubwaySelectedViewController.swift */ = {isa = PBXFileReference; fileEncoding = 4; lastKnownFileType = sourcecode.swift; path = SubwaySelectedViewController.swift; sourceTree = "<group>"; };
/* End PBXFileReference section */

/* Begin PBXFrameworksBuildPhase section */
		D644EDBB1EE69F9100705013 /* Frameworks */ = {
			isa = PBXFrameworksBuildPhase;
			buildActionMask = 2147483647;
			files = (
			);
			runOnlyForDeploymentPostprocessing = 0;
		};
/* End PBXFrameworksBuildPhase section */

/* Begin PBXGroup section */
		D644EDB51EE69F9100705013 = {
			isa = PBXGroup;
			children = (
				D644EDC01EE69F9100705013 /* FinalProject */,
				D644EDBF1EE69F9100705013 /* Products */,
			);
			sourceTree = "<group>";
		};
		D644EDBF1EE69F9100705013 /* Products */ = {
			isa = PBXGroup;
			children = (
				D644EDBE1EE69F9100705013 /* FinalProject.app */,
			);
			name = Products;
			sourceTree = "<group>";
		};
		D644EDC01EE69F9100705013 /* FinalProject */ = {
			isa = PBXGroup;
			children = (
				D644EDC11EE69F9100705013 /* AppDelegate.swift */,
				D644EDC31EE69F9100705013 /* ViewController.swift */,
				D644EDC51EE69F9100705013 /* Main.storyboard */,
				D644EDDF1EE6F4F800705013 /* Place.swift */,
				D644EDDD1EE6F22500705013 /* TravelTableViewController.swift */,
				D614E7E81EE788CA0054B9EA /* TravelSelectedViewController.swift */,
				D644EDD71EE6A23D00705013 /* MapSelectViewController.swift */,
				D644EDE11EE71F7D00705013 /* SubwaySelectedViewController.swift */,
				D614E7E61EE74C050054B9EA /* TranslationTableViewController.swift */,
				D644EDC81EE69F9100705013 /* Assets.xcassets */,
				D644EDCA1EE69F9100705013 /* LaunchScreen.storyboard */,
				D644EDCD1EE69F9100705013 /* Info.plist */,
			);
			path = FinalProject;
			sourceTree = "<group>";
		};
/* End PBXGroup section */

/* Begin PBXNativeTarget section */
		D644EDBD1EE69F9100705013 /* FinalProject */ = {
			isa = PBXNativeTarget;
			buildConfigurationList = D644EDD01EE69F9100705013 /* Build configuration list for PBXNativeTarget "FinalProject" */;
			buildPhases = (
				D644EDBA1EE69F9100705013 /* Sources */,
				D644EDBB1EE69F9100705013 /* Frameworks */,
				D644EDBC1EE69F9100705013 /* Resources */,
			);
			buildRules = (
			);
			dependencies = (
			);
			name = FinalProject;
			productName = FinalProject;
			productReference = D644EDBE1EE69F9100705013 /* FinalProject.app */;
			productType = "com.apple.product-type.application";
		};
/* End PBXNativeTarget section */

/* Begin PBXProject section */
		D644EDB61EE69F9100705013 /* Project object */ = {
			isa = PBXProject;
			attributes = {
				BuildIndependentTargetsInParallel = YES;
				LastSwiftUpdateCheck = 0830;
				LastUpgradeCheck = 1340;
				ORGANIZATIONNAME = "";
				TargetAttributes = {
					D644EDBD1EE69F9100705013 = {
						CreatedOnToolsVersion = 8.3.2;
						LastSwiftMigration = 1340;
						ProvisioningStyle = Automatic;
					};
				};
			};
			buildConfigurationList = D644EDB91EE69F9100705013 /* Build configuration list for PBXProject "FinalProject" */;
			compatibilityVersion = "Xcode 13.0";
			developmentRegion = en;
			hasScannedForEncodings = 0;
			knownRegions = (
				en,
				Base,
			);
			mainGroup = D644EDB51EE69F9100705013;
			productRefGroup = D644EDBF1EE69F9100705013 /* Products */;
			projectDirPath = "";
			projectRoot = "";
			targets = (
				D644EDBD1EE69F9100705013 /* FinalProject */,
			);
		};
/* End PBXProject section */

/* Begin PBXResourcesBuildPhase section */
		D644EDBC1EE69F9100705013 /* Resources */ = {
			isa = PBXResourcesBuildPhase;
			buildActionMask = 2147483647;
			files = (
				D644EDCC1EE69F9100705013 /* LaunchScreen.storyboard in Resources */,
				D644EDC91EE69F9100705013 /* Assets.xcassets in Resources */,
				D644EDC71EE69F9100705013 /* Main.storyboard in Resources */,
			);
			runOnlyForDeploymentPostprocessing = 0;
		};
/* End PBXResourcesBuildPhase section */

/* Begin PBXSourcesBuildPhase section */
		D644EDBA1EE69F9100705013 /* Sources */ = {
			isa = PBXSourcesBuildPhase;
			buildActionMask = 2147483647;
			files = (
				D644EDDE1EE6F22500705013 /* TravelTableViewController.swift in Sources */,
				D644EDC41EE69F9100705013 /* ViewController.swift in Sources */,
				D644EDE21EE71F7D00705013 /* SubwaySelectedViewController.swift in Sources */,
				D614E7E71EE74C050054B9EA /* TranslationTableViewController.swift in Sources */,
				D644EDC21EE69F9100705013 /* AppDelegate.swift in Sources */,
				D644EDE01EE6F4F900705013 /* Place.swift in Sources */,
				D644EDD81EE6A23D00705013 /* MapSelectViewController.swift in Sources */,
				D614E7E91EE788CA0054B9EA /* TravelSelectedViewController.swift in Sources */,
			);
			runOnlyForDeploymentPostprocessing = 0;
		};
/* End PBXSourcesBuildPhase section */

/* Begin PBXVariantGroup section */
		D644EDC51EE69F9100705013 /* Main.storyboard */ = {
			isa = PBXVariantGroup;
			children = (
				D644EDC61EE69F9100705013 /* Base */,
			);
			name = Main.storyboard;
			sourceTree = "<group>";
		};
		D644EDCA1EE69F9100705013 /* LaunchScreen.storyboard */ = {
			isa = PBXVariantGroup;
			children = (
				D644EDCB1EE69F9100705013 /* Base */,
			);
			name = LaunchScreen.storyboard;
			sourceTree = "<group>";
		};
/* End PBXVariantGroup section */

/* Begin XCBuildConfiguration section */
		D644EDCE1EE69F9100705013 /* Debug */ = {
			isa = XCBuildConfiguration;
			buildSettings = {
				ALWAYS_SEARCH_USER_PATHS = NO;
				CLANG_ANALYZER_NONNULL = YES;
				CLANG_ANALYZER_NUMBER_OBJECT_CONVERSION = YES_AGGRESSIVE;
				CLANG_CXX_LANGUAGE_STANDARD = "gnu++0x";
				CLANG_CXX_LIBRARY = "libc++";
				CLANG_ENABLE_MODULES = YES;
				CLANG_ENABLE_OBJC_ARC = YES;
				CLANG_WARN_BLOCK_CAPTURE_AUTORELEASING = YES;
				CLANG_WARN_BOOL_CONVERSION = YES;
				CLANG_WARN_COMMA = YES;
				CLANG_WARN_CONSTANT_CONVERSION = YES;
				CLANG_WARN_DEPRECATED_OBJC_IMPLEMENTATIONS = YES;
				CLANG_WARN_DIRECT_OBJC_ISA_USAGE = YES_ERROR;
				CLANG_WARN_DOCUMENTATION_COMMENTS = YES;
				CLANG_WARN_EMPTY_BODY = YES;
				CLANG_WARN_ENUM_CONVERSION = YES;
				CLANG_WARN_INFINITE_RECURSION = YES;
				CLANG_WARN_INT_CONVERSION = YES;
				CLANG_WARN_NON_LITERAL_NULL_CONVERSION = YES;
				CLANG_WARN_OBJC_IMPLICIT_RETAIN_SELF = YES;
				CLANG_WARN_OBJC_LITERAL_CONVERSION = YES;
				CLANG_WARN_OBJC_ROOT_CLASS = YES_ERROR;
				CLANG_WARN_QUOTED_INCLUDE_IN_FRAMEWORK_HEADER = YES;
				CLANG_WARN_RANGE_LOOP_ANALYSIS = YES;
				CLANG_WARN_STRICT_PROTOTYPES = YES;
				CLANG_WARN_SUSPICIOUS_MOVE = YES;
				CLANG_WARN_UNREACHABLE_CODE = YES;
				CLANG_WARN__DUPLICATE_METHOD_MATCH = YES;
				"CODE_SIGN_IDENTITY[sdk=iphoneos*]" = "iPhone Developer";
				COPY_PHASE_STRIP = NO;
				DEBUG_INFORMATION_FORMAT = dwarf;
				ENABLE_STRICT_OBJC_MSGSEND = YES;
				ENABLE_TESTABILITY = YES;
				GCC_C_LANGUAGE_STANDARD = gnu99;
				GCC_DYNAMIC_NO_PIC = NO;
				GCC_NO_COMMON_BLOCKS = YES;
				GCC_OPTIMIZATION_LEVEL = 0;
				GCC_PREPROCESSOR_DEFINITIONS = (
					"DEBUG=1",
					"$(inherited)",
				);
				GCC_WARN_64_TO_32_BIT_CONVERSION = YES;
				GCC_WARN_ABOUT_RETURN_TYPE = YES_ERROR;
				GCC_WARN_UNDECLARED_SELECTOR = YES;
				GCC_WARN_UNINITIALIZED_AUTOS = YES_AGGRESSIVE;
				GCC_WARN_UNUSED_FUNCTION = YES;
				GCC_WARN_UNUSED_VARIABLE = YES;
				IPHONEOS_DEPLOYMENT_TARGET = 12.0;
				MTL_ENABLE_DEBUG_INFO = YES;
				ONLY_ACTIVE_ARCH = YES;
				SDKROOT = iphoneos;
				SWIFT_ACTIVE_COMPILATION_CONDITIONS = DEBUG;
				SWIFT_OPTIMIZATION_LEVEL = "-Onone";
				TARGETED_DEVICE_FAMILY = "1,2";
			};
			name = Debug;
		};
		D644EDCF1EE69F9100705013 /* Release */ = {
			isa = XCBuildConfiguration;
			buildSettings = {
				ALWAYS_SEARCH_USER_PATHS = NO;
				CLANG_ANALYZER_NONNULL = YES;
				CLANG_ANALYZER_NUMBER_OBJECT_CONVERSION = YES_AGGRESSIVE;
				CLANG_CXX_LANGUAGE_STANDARD = "gnu++0x";
				CLANG_CXX_LIBRARY = "libc++";
				CLANG_ENABLE_MODULES = YES;
				CLANG_ENABLE_OBJC_ARC = YES;
				CLANG_WARN_BLOCK_CAPTURE_AUTORELEASING = YES;
				CLANG_WARN_BOOL_CONVERSION = YES;
				CLANG_WARN_COMMA = YES;
				CLANG_WARN_CONSTANT_CONVERSION = YES;
				CLANG_WARN_DEPRECATED_OBJC_IMPLEMENTATIONS = YES;
				CLANG_WARN_DIRECT_OBJC_ISA_USAGE = YES_ERROR;
				CLANG_WARN_DOCUMENTATION_COMMENTS = YES;
				CLANG_WARN_EMPTY_BODY = YES;
				CLANG_WARN_ENUM_CONVERSION = YES;
				CLANG_WARN_INFINITE_RECURSION = YES;
				CLANG_WARN_INT_CONVERSION = YES;
				CLANG_WARN_NON_LITERAL_NULL_CONVERSION = YES;
				CLANG_WARN_OBJC_IMPLICIT_RETAIN_SELF = YES;
				CLANG_WARN_OBJC_LITERAL_CONVERSION = YES;
				CLANG_WARN_OBJC_ROOT_CLASS = YES_ERROR;
				CLANG_WARN_QUOTED_INCLUDE_IN_FRAMEWORK_HEADER = YES;
				CLANG_WARN_RANGE_LOOP_ANALYSIS = YES;
				CLANG_WARN_STRICT_PROTOTYPES = YES;
				CLANG_WARN_SUSPICIOUS_MOVE = YES;
				CLANG_WARN_UNREACHABLE_CODE = YES;
				CLANG_WARN__DUPLICATE_METHOD_MATCH = YES;
				"CODE_SIGN_IDENTITY[sdk=iphoneos*]" = "iPhone Developer";
				COPY_PHASE_STRIP = NO;
				DEBUG_INFORMATION_FORMAT = "dwarf-with-dsym";
				ENABLE_NS_ASSERTIONS = NO;
				ENABLE_STRICT_OBJC_MSGSEND = YES;
				GCC_C_LANGUAGE_STANDARD = gnu99;
				GCC_NO_COMMON_BLOCKS = YES;
				GCC_WARN_64_TO_32_BIT_CONVERSION = YES;
				GCC_WARN_ABOUT_RETURN_TYPE = YES_ERROR;
				GCC_WARN_UNDECLARED_SELECTOR = YES;
				GCC_WARN_UNINITIALIZED_AUTOS = YES_AGGRESSIVE;
				GCC_WARN_UNUSED_FUNCTION = YES;
				GCC_WARN_UNUSED_VARIABLE = YES;
				IPHONEOS_DEPLOYMENT_TARGET = 12.0;
				MTL_ENABLE_DEBUG_INFO = NO;
				SDKROOT = iphoneos;
				SWIFT_COMPILATION_MODE = wholemodule;
				SWIFT_OPTIMIZATION_LEVEL = "-O";
				TARGETED_DEVICE_FAMILY = "1,2";
				VALIDATE_PRODUCT = YES;
			};
			name = Release;
		};
		D644EDD11EE69F9100705013 /* Debug */ = {
			isa = XCBuildConfiguration;
			buildSettings = {
				ASSETCATALOG_COMPILER_APPICON_NAME = AppIcon;
				INFOPLIST_FILE = FinalProject/Info.plist;
				LD_RUNPATH_SEARCH_PATHS = (
					"$(inherited)",
					"@executable_path/Frameworks",
				);
				PRODUCT_BUNDLE_IDENTIFIER = kr.ac.induk.www;
				PRODUCT_NAME = "$(TARGET_NAME)";
				SWIFT_VERSION = 5.0;
				TARGETED_DEVICE_FAMILY = 1;
			};
			name = Debug;
		};
		D644EDD21EE69F9100705013 /* Release */ = {
			isa = XCBuildConfiguration;
			buildSettings = {
				ASSETCATALOG_COMPILER_APPICON_NAME = AppIcon;
				INFOPLIST_FILE = FinalProject/Info.plist;
				LD_RUNPATH_SEARCH_PATHS = (
					"$(inherited)",
					"@executable_path/Frameworks",
				);
				PRODUCT_BUNDLE_IDENTIFIER = kr.ac.induk.www;
				PRODUCT_NAME = "$(TARGET_NAME)";
				SWIFT_VERSION = 5.0;
				TARGETED_DEVICE_FAMILY = 1;
			};
			name = Release;
		};
/* End XCBuildConfiguration section */

/* Begin XCConfigurationList section */
		D644EDB91EE69F9100705013 /* Build configuration list for PBXProject "FinalProject" */ = {
			isa = XCConfigurationList;
			buildConfigurations = (
				D644EDCE1EE69F9100705013 /* Debug */,
				D644EDCF1EE69F9100705013 /* Release */,
			);
			defaultConfigurationIsVisible = 0;
			defaultConfigurationName = Release;
		};
		D644EDD01EE69F9100705013 /* Build configuration list for PBXNativeTarget "FinalProject" */ = {
			isa = XCConfigurationList;
			buildConfigurations = (
				D644EDD11EE69F9100705013 /* Debug */,
				D644EDD21EE69F9100705013 /* Release */,
			);
			defaultConfigurationIsVisible = 0;
			defaultConfigurationName = Release;
		};
/* End XCConfigurationList section */
	};
	rootObject = D644EDB61EE69F9100705013 /* Project object */;
}
